// !$*UTF8*$!
{
	archiveVersion = 1;
	classes = {
	};
	objectVersion = 46;
	objects = {

/* Begin PBXBuildFile section */
		7D7F2A6A1E124F01001322C6 /* main.mm in Sources */ = {isa = PBXBuildFile; fileRef = 7D7F2A691E124F01001322C6 /* main.mm */; };
		7D7F2AAC1E124F5F001322C6 /* Blueprint.cc in Sources */ = {isa = PBXBuildFile; fileRef = 7D7F2A751E124F5F001322C6 /* Blueprint.cc */; settings = {COMPILER_FLAGS = "-w"; }; };
		7D7F2AAD1E124F5F001322C6 /* BlueprintSourcemap.cc in Sources */ = {isa = PBXBuildFile; fileRef = 7D7F2A781E124F5F001322C6 /* BlueprintSourcemap.cc */; settings = {COMPILER_FLAGS = "-w"; }; };
		7D7F2AAE1E124F5F001322C6 /* HeadersParser.cc in Sources */ = {isa = PBXBuildFile; fileRef = 7D7F2A7D1E124F5F001322C6 /* HeadersParser.cc */; settings = {COMPILER_FLAGS = "-w"; }; };
		7D7F2AAF1E124F5F001322C6 /* HTTP.cc in Sources */ = {isa = PBXBuildFile; fileRef = 7D7F2A7F1E124F5F001322C6 /* HTTP.cc */; settings = {COMPILER_FLAGS = "-w"; }; };
		7D7F2AB01E124F5F001322C6 /* MSON.cc in Sources */ = {isa = PBXBuildFile; fileRef = 7D7F2A821E124F5F001322C6 /* MSON.cc */; settings = {COMPILER_FLAGS = "-w"; }; };
		7D7F2AB11E124F5F001322C6 /* MSONOneOfParser.cc in Sources */ = {isa = PBXBuildFile; fileRef = 7D7F2A861E124F5F001322C6 /* MSONOneOfParser.cc */; settings = {COMPILER_FLAGS = "-w"; }; };
		7D7F2AB21E124F5F001322C6 /* MSONSourcemap.cc in Sources */ = {isa = PBXBuildFile; fileRef = 7D7F2A8A1E124F5F001322C6 /* MSONSourcemap.cc */; settings = {COMPILER_FLAGS = "-w"; }; };
		7D7F2AB31E124F5F001322C6 /* MSONTypeSectionParser.cc in Sources */ = {isa = PBXBuildFile; fileRef = 7D7F2A8C1E124F5F001322C6 /* MSONTypeSectionParser.cc */; settings = {COMPILER_FLAGS = "-w"; }; };
		7D7F2AB41E124F5F001322C6 /* MSONValueMemberParser.cc in Sources */ = {isa = PBXBuildFile; fileRef = 7D7F2A8F1E124F5F001322C6 /* MSONValueMemberParser.cc */; settings = {COMPILER_FLAGS = "-w"; }; };
		7D7F2AB51E124F5F001322C6 /* RegexMatch.cc in Sources */ = {isa = PBXBuildFile; fileRef = 7D7F2A961E124F5F001322C6 /* RegexMatch.cc */; settings = {COMPILER_FLAGS = "-w"; }; };
		7D7F2AB61E124F5F001322C6 /* Section.cc in Sources */ = {isa = PBXBuildFile; fileRef = 7D7F2A9B1E124F5F001322C6 /* Section.cc */; settings = {COMPILER_FLAGS = "-w"; }; };
		7D7F2AB71E124F5F001322C6 /* Signature.cc in Sources */ = {isa = PBXBuildFile; fileRef = 7D7F2AA01E124F5F001322C6 /* Signature.cc */; settings = {COMPILER_FLAGS = "-w"; }; };
		7D7F2AB81E124F5F001322C6 /* snowcrash.cc in Sources */ = {isa = PBXBuildFile; fileRef = 7D7F2AA31E124F5F001322C6 /* snowcrash.cc */; settings = {COMPILER_FLAGS = "-w"; }; };
		7D7F2AB91E124F5F001322C6 /* UriTemplateParser.cc in Sources */ = {isa = PBXBuildFile; fileRef = 7D7F2AA71E124F5F001322C6 /* UriTemplateParser.cc */; settings = {COMPILER_FLAGS = "-w"; }; };
		7D7F2AC31E1251A0001322C6 /* ByteBuffer.cc in Sources */ = {isa = PBXBuildFile; fileRef = 7D7F2ABD1E1251A0001322C6 /* ByteBuffer.cc */; settings = {COMPILER_FLAGS = "-w"; }; };
		7D7F2AC41E1251A0001322C6 /* MarkdownNode.cc in Sources */ = {isa = PBXBuildFile; fileRef = 7D7F2ABF1E1251A0001322C6 /* MarkdownNode.cc */; settings = {COMPILER_FLAGS = "-w"; }; };
		7D7F2AC51E1251A0001322C6 /* MarkdownParser.cc in Sources */ = {isa = PBXBuildFile; fileRef = 7D7F2AC11E1251A0001322C6 /* MarkdownParser.cc */; settings = {COMPILER_FLAGS = "-w"; }; };
		7D7F2AD21E125B11001322C6 /* autolink.c in Sources */ = {isa = PBXBuildFile; fileRef = 7D7F2AC71E125B11001322C6 /* autolink.c */; settings = {COMPILER_FLAGS = "-w"; }; };
		7D7F2AD31E125B11001322C6 /* buffer.c in Sources */ = {isa = PBXBuildFile; fileRef = 7D7F2AC91E125B11001322C6 /* buffer.c */; settings = {COMPILER_FLAGS = "-w"; }; };
		7D7F2AD41E125B11001322C6 /* markdown.c in Sources */ = {isa = PBXBuildFile; fileRef = 7D7F2ACC1E125B11001322C6 /* markdown.c */; settings = {COMPILER_FLAGS = "-w"; }; };
		7D7F2AD51E125B11001322C6 /* src_map.c in Sources */ = {isa = PBXBuildFile; fileRef = 7D7F2ACE1E125B11001322C6 /* src_map.c */; settings = {COMPILER_FLAGS = "-w"; }; };
		7D7F2AD61E125B11001322C6 /* stack.c in Sources */ = {isa = PBXBuildFile; fileRef = 7D7F2AD01E125B11001322C6 /* stack.c */; settings = {COMPILER_FLAGS = "-w"; }; };
		7D7F2ADD1E126471001322C6 /* file_system.mm in Sources */ = {isa = PBXBuildFile; fileRef = 7D7F2ADB1E126471001322C6 /* file_system.mm */; };
		7D9F66AC1E1354C500311A0E /* config.cc in Sources */ = {isa = PBXBuildFile; fileRef = 7D9F66671E1354C500311A0E /* config.cc */; };
		7D9F66AD1E1354C500311A0E /* ConversionContext.cc in Sources */ = {isa = PBXBuildFile; fileRef = 7D9F66691E1354C500311A0E /* ConversionContext.cc */; };
		7D9F66AE1E1354C500311A0E /* drafter.cc in Sources */ = {isa = PBXBuildFile; fileRef = 7D9F666B1E1354C500311A0E /* drafter.cc */; };
		7D9F66AF1E1354C500311A0E /* drafter_private.cc in Sources */ = {isa = PBXBuildFile; fileRef = 7D9F666D1E1354C500311A0E /* drafter_private.cc */; };
		7D9F66B11E1354C500311A0E /* NamedTypesRegistry.cc in Sources */ = {isa = PBXBuildFile; fileRef = 7D9F66701E1354C500311A0E /* NamedTypesRegistry.cc */; };
		7D9F66B21E1354C500311A0E /* ComparableVisitor.cc in Sources */ = {isa = PBXBuildFile; fileRef = 7D9F66761E1354C500311A0E /* ComparableVisitor.cc */; };
		7D9F66B31E1354C500311A0E /* Element.cc in Sources */ = {isa = PBXBuildFile; fileRef = 7D9F66781E1354C500311A0E /* Element.cc */; };
		7D9F66B41E1354C500311A0E /* ExpandVisitor.cc in Sources */ = {isa = PBXBuildFile; fileRef = 7D9F667D1E1354C500311A0E /* ExpandVisitor.cc */; };
		7D9F66B51E1354C500311A0E /* IsExpandableVisitor.cc in Sources */ = {isa = PBXBuildFile; fileRef = 7D9F66801E1354C500311A0E /* IsExpandableVisitor.cc */; };
		7D9F66B61E1354C500311A0E /* JSONSchemaVisitor.cc in Sources */ = {isa = PBXBuildFile; fileRef = 7D9F66831E1354C500311A0E /* JSONSchemaVisitor.cc */; };
		7D9F66B71E1354C500311A0E /* PrintVisitor.cc in Sources */ = {isa = PBXBuildFile; fileRef = 7D9F66851E1354C500311A0E /* PrintVisitor.cc */; };
		7D9F66B81E1354C500311A0E /* Query.cc in Sources */ = {isa = PBXBuildFile; fileRef = 7D9F66871E1354C500311A0E /* Query.cc */; };
		7D9F66B91E1354C500311A0E /* Registry.cc in Sources */ = {isa = PBXBuildFile; fileRef = 7D9F66891E1354C500311A0E /* Registry.cc */; };
		7D9F66BA1E1354C500311A0E /* RenderJSONVisitor.cc in Sources */ = {isa = PBXBuildFile; fileRef = 7D9F668B1E1354C500311A0E /* RenderJSONVisitor.cc */; };
		7D9F66BB1E1354C500311A0E /* SerializeCompactVisitor.cc in Sources */ = {isa = PBXBuildFile; fileRef = 7D9F668D1E1354C500311A0E /* SerializeCompactVisitor.cc */; };
		7D9F66BC1E1354C500311A0E /* SerializeVisitor.cc in Sources */ = {isa = PBXBuildFile; fileRef = 7D9F668F1E1354C500311A0E /* SerializeVisitor.cc */; };
		7D9F66BD1E1354C500311A0E /* TypeQueryVisitor.cc in Sources */ = {isa = PBXBuildFile; fileRef = 7D9F66911E1354C500311A0E /* TypeQueryVisitor.cc */; };
		7D9F66BE1E1354C500311A0E /* VisitorUtils.cc in Sources */ = {isa = PBXBuildFile; fileRef = 7D9F66941E1354C500311A0E /* VisitorUtils.cc */; };
		7D9F66BF1E1354C500311A0E /* RefractAPI.cc in Sources */ = {isa = PBXBuildFile; fileRef = 7D9F66961E1354C500311A0E /* RefractAPI.cc */; };
		7D9F66C01E1354C500311A0E /* RefractDataStructure.cc in Sources */ = {isa = PBXBuildFile; fileRef = 7D9F66981E1354C500311A0E /* RefractDataStructure.cc */; };
		7D9F66C11E1354C500311A0E /* RefractElementFactory.cc in Sources */ = {isa = PBXBuildFile; fileRef = 7D9F669A1E1354C500311A0E /* RefractElementFactory.cc */; };
		7D9F66C21E1354C500311A0E /* RefractSourceMap.cc in Sources */ = {isa = PBXBuildFile; fileRef = 7D9F669C1E1354C500311A0E /* RefractSourceMap.cc */; };
		7D9F66C31E1354C500311A0E /* Render.cc in Sources */ = {isa = PBXBuildFile; fileRef = 7D9F669E1E1354C500311A0E /* Render.cc */; };
		7D9F66C41E1354C500311A0E /* reporting.cc in Sources */ = {isa = PBXBuildFile; fileRef = 7D9F66A01E1354C500311A0E /* reporting.cc */; };
		7D9F66C51E1354C500311A0E /* Serialize.cc in Sources */ = {isa = PBXBuildFile; fileRef = 7D9F66A21E1354C500311A0E /* Serialize.cc */; };
		7D9F66C61E1354C500311A0E /* SerializeAST.cc in Sources */ = {isa = PBXBuildFile; fileRef = 7D9F66A41E1354C500311A0E /* SerializeAST.cc */; };
		7D9F66C71E1354C500311A0E /* SerializeResult.cc in Sources */ = {isa = PBXBuildFile; fileRef = 7D9F66A61E1354C500311A0E /* SerializeResult.cc */; };
		7D9F66C81E1354C500311A0E /* SerializeSourcemap.cc in Sources */ = {isa = PBXBuildFile; fileRef = 7D9F66A81E1354C500311A0E /* SerializeSourcemap.cc */; };
		7D9F66CE1E1357B700311A0E /* sos.cc in Sources */ = {isa = PBXBuildFile; fileRef = 7D9F66CA1E1357B700311A0E /* sos.cc */; };
		7DA2C9E81E1B3CA300655065 /* json11.cpp in Sources */ = {isa = PBXBuildFile; fileRef = 7DA2C9E61E1B3CA300655065 /* json11.cpp */; };
/* End PBXBuildFile section */

/* Begin PBXCopyFilesBuildPhase section */
		7D7F2A641E124F01001322C6 /* CopyFiles */ = {
			isa = PBXCopyFilesBuildPhase;
			buildActionMask = 2147483647;
			dstPath = /usr/share/man/man1/;
			dstSubfolderSpec = 0;
			files = (
			);
			runOnlyForDeploymentPostprocessing = 1;
		};
/* End PBXCopyFilesBuildPhase section */

/* Begin PBXFileReference section */
		7D7F2A661E124F01001322C6 /* api-tips */ = {isa = PBXFileReference; explicitFileType = "compiled.mach-o.executable"; includeInIndex = 0; path = "api-tips"; sourceTree = BUILT_PRODUCTS_DIR; };
		7D7F2A691E124F01001322C6 /* main.mm */ = {isa = PBXFileReference; lastKnownFileType = sourcecode.cpp.objcpp; name = main.mm; path = ../main.mm; sourceTree = "<group>"; };
		7D7F2A721E124F5F001322C6 /* ActionParser.h */ = {isa = PBXFileReference; fileEncoding = 4; lastKnownFileType = sourcecode.c.h; path = ActionParser.h; sourceTree = "<group>"; };
		7D7F2A731E124F5F001322C6 /* AssetParser.h */ = {isa = PBXFileReference; fileEncoding = 4; lastKnownFileType = sourcecode.c.h; path = AssetParser.h; sourceTree = "<group>"; };
		7D7F2A741E124F5F001322C6 /* AttributesParser.h */ = {isa = PBXFileReference; fileEncoding = 4; lastKnownFileType = sourcecode.c.h; path = AttributesParser.h; sourceTree = "<group>"; };
		7D7F2A751E124F5F001322C6 /* Blueprint.cc */ = {isa = PBXFileReference; fileEncoding = 4; lastKnownFileType = sourcecode.cpp.cpp; path = Blueprint.cc; sourceTree = "<group>"; };
		7D7F2A761E124F5F001322C6 /* Blueprint.h */ = {isa = PBXFileReference; fileEncoding = 4; lastKnownFileType = sourcecode.c.h; path = Blueprint.h; sourceTree = "<group>"; };
		7D7F2A771E124F5F001322C6 /* BlueprintParser.h */ = {isa = PBXFileReference; fileEncoding = 4; lastKnownFileType = sourcecode.c.h; path = BlueprintParser.h; sourceTree = "<group>"; };
		7D7F2A781E124F5F001322C6 /* BlueprintSourcemap.cc */ = {isa = PBXFileReference; fileEncoding = 4; lastKnownFileType = sourcecode.cpp.cpp; path = BlueprintSourcemap.cc; sourceTree = "<group>"; };
		7D7F2A791E124F5F001322C6 /* BlueprintSourcemap.h */ = {isa = PBXFileReference; fileEncoding = 4; lastKnownFileType = sourcecode.c.h; path = BlueprintSourcemap.h; sourceTree = "<group>"; };
		7D7F2A7A1E124F5F001322C6 /* BlueprintUtility.h */ = {isa = PBXFileReference; fileEncoding = 4; lastKnownFileType = sourcecode.c.h; path = BlueprintUtility.h; sourceTree = "<group>"; };
		7D7F2A7B1E124F5F001322C6 /* CodeBlockUtility.h */ = {isa = PBXFileReference; fileEncoding = 4; lastKnownFileType = sourcecode.c.h; path = CodeBlockUtility.h; sourceTree = "<group>"; };
		7D7F2A7C1E124F5F001322C6 /* DataStructureGroupParser.h */ = {isa = PBXFileReference; fileEncoding = 4; lastKnownFileType = sourcecode.c.h; path = DataStructureGroupParser.h; sourceTree = "<group>"; };
		7D7F2A7D1E124F5F001322C6 /* HeadersParser.cc */ = {isa = PBXFileReference; fileEncoding = 4; lastKnownFileType = sourcecode.cpp.cpp; path = HeadersParser.cc; sourceTree = "<group>"; };
		7D7F2A7E1E124F5F001322C6 /* HeadersParser.h */ = {isa = PBXFileReference; fileEncoding = 4; lastKnownFileType = sourcecode.c.h; path = HeadersParser.h; sourceTree = "<group>"; };
		7D7F2A7F1E124F5F001322C6 /* HTTP.cc */ = {isa = PBXFileReference; fileEncoding = 4; lastKnownFileType = sourcecode.cpp.cpp; path = HTTP.cc; sourceTree = "<group>"; };
		7D7F2A801E124F5F001322C6 /* HTTP.h */ = {isa = PBXFileReference; fileEncoding = 4; lastKnownFileType = sourcecode.c.h; path = HTTP.h; sourceTree = "<group>"; };
		7D7F2A811E124F5F001322C6 /* ModelTable.h */ = {isa = PBXFileReference; fileEncoding = 4; lastKnownFileType = sourcecode.c.h; path = ModelTable.h; sourceTree = "<group>"; };
		7D7F2A821E124F5F001322C6 /* MSON.cc */ = {isa = PBXFileReference; fileEncoding = 4; lastKnownFileType = sourcecode.cpp.cpp; path = MSON.cc; sourceTree = "<group>"; };
		7D7F2A831E124F5F001322C6 /* MSON.h */ = {isa = PBXFileReference; fileEncoding = 4; lastKnownFileType = sourcecode.c.h; path = MSON.h; sourceTree = "<group>"; };
		7D7F2A841E124F5F001322C6 /* MSONMixinParser.h */ = {isa = PBXFileReference; fileEncoding = 4; lastKnownFileType = sourcecode.c.h; path = MSONMixinParser.h; sourceTree = "<group>"; };
		7D7F2A851E124F5F001322C6 /* MSONNamedTypeParser.h */ = {isa = PBXFileReference; fileEncoding = 4; lastKnownFileType = sourcecode.c.h; path = MSONNamedTypeParser.h; sourceTree = "<group>"; };
		7D7F2A861E124F5F001322C6 /* MSONOneOfParser.cc */ = {isa = PBXFileReference; fileEncoding = 4; lastKnownFileType = sourcecode.cpp.cpp; path = MSONOneOfParser.cc; sourceTree = "<group>"; };
		7D7F2A871E124F5F001322C6 /* MSONOneOfParser.h */ = {isa = PBXFileReference; fileEncoding = 4; lastKnownFileType = sourcecode.c.h; path = MSONOneOfParser.h; sourceTree = "<group>"; };
		7D7F2A881E124F5F001322C6 /* MSONParameterParser.h */ = {isa = PBXFileReference; fileEncoding = 4; lastKnownFileType = sourcecode.c.h; path = MSONParameterParser.h; sourceTree = "<group>"; };
		7D7F2A891E124F5F001322C6 /* MSONPropertyMemberParser.h */ = {isa = PBXFileReference; fileEncoding = 4; lastKnownFileType = sourcecode.c.h; path = MSONPropertyMemberParser.h; sourceTree = "<group>"; };
		7D7F2A8A1E124F5F001322C6 /* MSONSourcemap.cc */ = {isa = PBXFileReference; fileEncoding = 4; lastKnownFileType = sourcecode.cpp.cpp; path = MSONSourcemap.cc; sourceTree = "<group>"; };
		7D7F2A8B1E124F5F001322C6 /* MSONSourcemap.h */ = {isa = PBXFileReference; fileEncoding = 4; lastKnownFileType = sourcecode.c.h; path = MSONSourcemap.h; sourceTree = "<group>"; };
		7D7F2A8C1E124F5F001322C6 /* MSONTypeSectionParser.cc */ = {isa = PBXFileReference; fileEncoding = 4; lastKnownFileType = sourcecode.cpp.cpp; path = MSONTypeSectionParser.cc; sourceTree = "<group>"; };
		7D7F2A8D1E124F5F001322C6 /* MSONTypeSectionParser.h */ = {isa = PBXFileReference; fileEncoding = 4; lastKnownFileType = sourcecode.c.h; path = MSONTypeSectionParser.h; sourceTree = "<group>"; };
		7D7F2A8E1E124F5F001322C6 /* MSONUtility.h */ = {isa = PBXFileReference; fileEncoding = 4; lastKnownFileType = sourcecode.c.h; path = MSONUtility.h; sourceTree = "<group>"; };
		7D7F2A8F1E124F5F001322C6 /* MSONValueMemberParser.cc */ = {isa = PBXFileReference; fileEncoding = 4; lastKnownFileType = sourcecode.cpp.cpp; path = MSONValueMemberParser.cc; sourceTree = "<group>"; };
		7D7F2A901E124F5F001322C6 /* MSONValueMemberParser.h */ = {isa = PBXFileReference; fileEncoding = 4; lastKnownFileType = sourcecode.c.h; path = MSONValueMemberParser.h; sourceTree = "<group>"; };
		7D7F2A911E124F5F001322C6 /* ParameterParser.h */ = {isa = PBXFileReference; fileEncoding = 4; lastKnownFileType = sourcecode.c.h; path = ParameterParser.h; sourceTree = "<group>"; };
		7D7F2A921E124F5F001322C6 /* ParametersParser.h */ = {isa = PBXFileReference; fileEncoding = 4; lastKnownFileType = sourcecode.c.h; path = ParametersParser.h; sourceTree = "<group>"; };
		7D7F2A931E124F5F001322C6 /* PayloadParser.h */ = {isa = PBXFileReference; fileEncoding = 4; lastKnownFileType = sourcecode.c.h; path = PayloadParser.h; sourceTree = "<group>"; };
		7D7F2A941E124F5F001322C6 /* Platform.h */ = {isa = PBXFileReference; fileEncoding = 4; lastKnownFileType = sourcecode.c.h; path = Platform.h; sourceTree = "<group>"; };
		7D7F2A961E124F5F001322C6 /* RegexMatch.cc */ = {isa = PBXFileReference; fileEncoding = 4; lastKnownFileType = sourcecode.cpp.cpp; path = RegexMatch.cc; sourceTree = "<group>"; };
		7D7F2A971E124F5F001322C6 /* RegexMatch.h */ = {isa = PBXFileReference; fileEncoding = 4; lastKnownFileType = sourcecode.c.h; path = RegexMatch.h; sourceTree = "<group>"; };
		7D7F2A981E124F5F001322C6 /* RelationParser.h */ = {isa = PBXFileReference; fileEncoding = 4; lastKnownFileType = sourcecode.c.h; path = RelationParser.h; sourceTree = "<group>"; };
		7D7F2A991E124F5F001322C6 /* ResourceGroupParser.h */ = {isa = PBXFileReference; fileEncoding = 4; lastKnownFileType = sourcecode.c.h; path = ResourceGroupParser.h; sourceTree = "<group>"; };
		7D7F2A9A1E124F5F001322C6 /* ResourceParser.h */ = {isa = PBXFileReference; fileEncoding = 4; lastKnownFileType = sourcecode.c.h; path = ResourceParser.h; sourceTree = "<group>"; };
		7D7F2A9B1E124F5F001322C6 /* Section.cc */ = {isa = PBXFileReference; fileEncoding = 4; lastKnownFileType = sourcecode.cpp.cpp; path = Section.cc; sourceTree = "<group>"; };
		7D7F2A9C1E124F5F001322C6 /* Section.h */ = {isa = PBXFileReference; fileEncoding = 4; lastKnownFileType = sourcecode.c.h; path = Section.h; sourceTree = "<group>"; };
		7D7F2A9D1E124F5F001322C6 /* SectionParser.h */ = {isa = PBXFileReference; fileEncoding = 4; lastKnownFileType = sourcecode.c.h; path = SectionParser.h; sourceTree = "<group>"; };
		7D7F2A9E1E124F5F001322C6 /* SectionParserData.h */ = {isa = PBXFileReference; fileEncoding = 4; lastKnownFileType = sourcecode.c.h; path = SectionParserData.h; sourceTree = "<group>"; };
		7D7F2A9F1E124F5F001322C6 /* SectionProcessor.h */ = {isa = PBXFileReference; fileEncoding = 4; lastKnownFileType = sourcecode.c.h; path = SectionProcessor.h; sourceTree = "<group>"; };
		7D7F2AA01E124F5F001322C6 /* Signature.cc */ = {isa = PBXFileReference; fileEncoding = 4; lastKnownFileType = sourcecode.cpp.cpp; path = Signature.cc; sourceTree = "<group>"; };
		7D7F2AA11E124F5F001322C6 /* Signature.h */ = {isa = PBXFileReference; fileEncoding = 4; lastKnownFileType = sourcecode.c.h; path = Signature.h; sourceTree = "<group>"; };
		7D7F2AA21E124F5F001322C6 /* SignatureSectionProcessor.h */ = {isa = PBXFileReference; fileEncoding = 4; lastKnownFileType = sourcecode.c.h; path = SignatureSectionProcessor.h; sourceTree = "<group>"; };
		7D7F2AA31E124F5F001322C6 /* snowcrash.cc */ = {isa = PBXFileReference; fileEncoding = 4; lastKnownFileType = sourcecode.cpp.cpp; path = snowcrash.cc; sourceTree = "<group>"; };
		7D7F2AA41E124F5F001322C6 /* snowcrash.h */ = {isa = PBXFileReference; fileEncoding = 4; lastKnownFileType = sourcecode.c.h; path = snowcrash.h; sourceTree = "<group>"; };
		7D7F2AA51E124F5F001322C6 /* SourceAnnotation.h */ = {isa = PBXFileReference; fileEncoding = 4; lastKnownFileType = sourcecode.c.h; path = SourceAnnotation.h; sourceTree = "<group>"; };
		7D7F2AA61E124F5F001322C6 /* StringUtility.h */ = {isa = PBXFileReference; fileEncoding = 4; lastKnownFileType = sourcecode.c.h; path = StringUtility.h; sourceTree = "<group>"; };
		7D7F2AA71E124F5F001322C6 /* UriTemplateParser.cc */ = {isa = PBXFileReference; fileEncoding = 4; lastKnownFileType = sourcecode.cpp.cpp; path = UriTemplateParser.cc; sourceTree = "<group>"; };
		7D7F2AA81E124F5F001322C6 /* UriTemplateParser.h */ = {isa = PBXFileReference; fileEncoding = 4; lastKnownFileType = sourcecode.c.h; path = UriTemplateParser.h; sourceTree = "<group>"; };
		7D7F2AA91E124F5F001322C6 /* ValuesParser.h */ = {isa = PBXFileReference; fileEncoding = 4; lastKnownFileType = sourcecode.c.h; path = ValuesParser.h; sourceTree = "<group>"; };
		7D7F2ABB1E125058001322C6 /* README.md */ = {isa = PBXFileReference; lastKnownFileType = net.daringfireball.markdown; path = README.md; sourceTree = "<group>"; };
		7D7F2ABD1E1251A0001322C6 /* ByteBuffer.cc */ = {isa = PBXFileReference; fileEncoding = 4; lastKnownFileType = sourcecode.cpp.cpp; path = ByteBuffer.cc; sourceTree = "<group>"; };
		7D7F2ABE1E1251A0001322C6 /* ByteBuffer.h */ = {isa = PBXFileReference; fileEncoding = 4; lastKnownFileType = sourcecode.c.h; path = ByteBuffer.h; sourceTree = "<group>"; };
		7D7F2ABF1E1251A0001322C6 /* MarkdownNode.cc */ = {isa = PBXFileReference; fileEncoding = 4; lastKnownFileType = sourcecode.cpp.cpp; path = MarkdownNode.cc; sourceTree = "<group>"; };
		7D7F2AC01E1251A0001322C6 /* MarkdownNode.h */ = {isa = PBXFileReference; fileEncoding = 4; lastKnownFileType = sourcecode.c.h; path = MarkdownNode.h; sourceTree = "<group>"; };
		7D7F2AC11E1251A0001322C6 /* MarkdownParser.cc */ = {isa = PBXFileReference; fileEncoding = 4; lastKnownFileType = sourcecode.cpp.cpp; path = MarkdownParser.cc; sourceTree = "<group>"; };
		7D7F2AC21E1251A0001322C6 /* MarkdownParser.h */ = {isa = PBXFileReference; fileEncoding = 4; lastKnownFileType = sourcecode.c.h; path = MarkdownParser.h; sourceTree = "<group>"; };
		7D7F2AC71E125B11001322C6 /* autolink.c */ = {isa = PBXFileReference; fileEncoding = 4; lastKnownFileType = sourcecode.c.c; path = autolink.c; sourceTree = "<group>"; };
		7D7F2AC81E125B11001322C6 /* autolink.h */ = {isa = PBXFileReference; fileEncoding = 4; lastKnownFileType = sourcecode.c.h; path = autolink.h; sourceTree = "<group>"; };
		7D7F2AC91E125B11001322C6 /* buffer.c */ = {isa = PBXFileReference; fileEncoding = 4; lastKnownFileType = sourcecode.c.c; path = buffer.c; sourceTree = "<group>"; };
		7D7F2ACA1E125B11001322C6 /* buffer.h */ = {isa = PBXFileReference; fileEncoding = 4; lastKnownFileType = sourcecode.c.h; path = buffer.h; sourceTree = "<group>"; };
		7D7F2ACB1E125B11001322C6 /* html_blocks.h */ = {isa = PBXFileReference; fileEncoding = 4; lastKnownFileType = sourcecode.c.h; path = html_blocks.h; sourceTree = "<group>"; };
		7D7F2ACC1E125B11001322C6 /* markdown.c */ = {isa = PBXFileReference; fileEncoding = 4; lastKnownFileType = sourcecode.c.c; path = markdown.c; sourceTree = "<group>"; };
		7D7F2ACD1E125B11001322C6 /* markdown.h */ = {isa = PBXFileReference; fileEncoding = 4; lastKnownFileType = sourcecode.c.h; path = markdown.h; sourceTree = "<group>"; };
		7D7F2ACE1E125B11001322C6 /* src_map.c */ = {isa = PBXFileReference; fileEncoding = 4; lastKnownFileType = sourcecode.c.c; path = src_map.c; sourceTree = "<group>"; };
		7D7F2ACF1E125B11001322C6 /* src_map.h */ = {isa = PBXFileReference; fileEncoding = 4; lastKnownFileType = sourcecode.c.h; path = src_map.h; sourceTree = "<group>"; };
		7D7F2AD01E125B11001322C6 /* stack.c */ = {isa = PBXFileReference; fileEncoding = 4; lastKnownFileType = sourcecode.c.c; path = stack.c; sourceTree = "<group>"; };
		7D7F2AD11E125B11001322C6 /* stack.h */ = {isa = PBXFileReference; fileEncoding = 4; lastKnownFileType = sourcecode.c.h; path = stack.h; sourceTree = "<group>"; };
		7D7F2ADB1E126471001322C6 /* file_system.mm */ = {isa = PBXFileReference; fileEncoding = 4; lastKnownFileType = sourcecode.cpp.objcpp; path = file_system.mm; sourceTree = "<group>"; };
		7D7F2ADC1E126471001322C6 /* file_system.h */ = {isa = PBXFileReference; fileEncoding = 4; lastKnownFileType = sourcecode.c.h; path = file_system.h; sourceTree = "<group>"; };
		7D7F2ADF1E12650A001322C6 /* macros.h */ = {isa = PBXFileReference; fileEncoding = 4; lastKnownFileType = sourcecode.c.h; path = macros.h; sourceTree = "<group>"; };
		7D9F66671E1354C500311A0E /* config.cc */ = {isa = PBXFileReference; fileEncoding = 4; lastKnownFileType = sourcecode.cpp.cpp; path = config.cc; sourceTree = "<group>"; };
		7D9F66681E1354C500311A0E /* config.h */ = {isa = PBXFileReference; fileEncoding = 4; lastKnownFileType = sourcecode.c.h; path = config.h; sourceTree = "<group>"; };
		7D9F66691E1354C500311A0E /* ConversionContext.cc */ = {isa = PBXFileReference; fileEncoding = 4; lastKnownFileType = sourcecode.cpp.cpp; path = ConversionContext.cc; sourceTree = "<group>"; };
		7D9F666A1E1354C500311A0E /* ConversionContext.h */ = {isa = PBXFileReference; fileEncoding = 4; lastKnownFileType = sourcecode.c.h; path = ConversionContext.h; sourceTree = "<group>"; };
		7D9F666B1E1354C500311A0E /* drafter.cc */ = {isa = PBXFileReference; fileEncoding = 4; lastKnownFileType = sourcecode.cpp.cpp; path = drafter.cc; sourceTree = "<group>"; };
		7D9F666C1E1354C500311A0E /* drafter.h */ = {isa = PBXFileReference; fileEncoding = 4; lastKnownFileType = sourcecode.c.h; path = drafter.h; sourceTree = "<group>"; };
		7D9F666D1E1354C500311A0E /* drafter_private.cc */ = {isa = PBXFileReference; fileEncoding = 4; lastKnownFileType = sourcecode.cpp.cpp; path = drafter_private.cc; sourceTree = "<group>"; };
		7D9F666E1E1354C500311A0E /* drafter_private.h */ = {isa = PBXFileReference; fileEncoding = 4; lastKnownFileType = sourcecode.c.h; path = drafter_private.h; sourceTree = "<group>"; };
		7D9F66701E1354C500311A0E /* NamedTypesRegistry.cc */ = {isa = PBXFileReference; fileEncoding = 4; lastKnownFileType = sourcecode.cpp.cpp; path = NamedTypesRegistry.cc; sourceTree = "<group>"; };
		7D9F66711E1354C500311A0E /* NamedTypesRegistry.h */ = {isa = PBXFileReference; fileEncoding = 4; lastKnownFileType = sourcecode.c.h; path = NamedTypesRegistry.h; sourceTree = "<group>"; };
		7D9F66721E1354C500311A0E /* NodeInfo.h */ = {isa = PBXFileReference; fileEncoding = 4; lastKnownFileType = sourcecode.c.h; path = NodeInfo.h; sourceTree = "<group>"; };
		7D9F66741E1354C500311A0E /* AppendDecorator.h */ = {isa = PBXFileReference; fileEncoding = 4; lastKnownFileType = sourcecode.c.h; path = AppendDecorator.h; sourceTree = "<group>"; };
		7D9F66751E1354C500311A0E /* Build.h */ = {isa = PBXFileReference; fileEncoding = 4; lastKnownFileType = sourcecode.c.h; path = Build.h; sourceTree = "<group>"; };
		7D9F66761E1354C500311A0E /* ComparableVisitor.cc */ = {isa = PBXFileReference; fileEncoding = 4; lastKnownFileType = sourcecode.cpp.cpp; path = ComparableVisitor.cc; sourceTree = "<group>"; };
		7D9F66771E1354C500311A0E /* ComparableVisitor.h */ = {isa = PBXFileReference; fileEncoding = 4; lastKnownFileType = sourcecode.c.h; path = ComparableVisitor.h; sourceTree = "<group>"; };
		7D9F66781E1354C500311A0E /* Element.cc */ = {isa = PBXFileReference; fileEncoding = 4; lastKnownFileType = sourcecode.cpp.cpp; path = Element.cc; sourceTree = "<group>"; };
		7D9F66791E1354C500311A0E /* Element.h */ = {isa = PBXFileReference; fileEncoding = 4; lastKnownFileType = sourcecode.c.h; path = Element.h; sourceTree = "<group>"; };
		7D9F667A1E1354C500311A0E /* ElementFwd.h */ = {isa = PBXFileReference; fileEncoding = 4; lastKnownFileType = sourcecode.c.h; path = ElementFwd.h; sourceTree = "<group>"; };
		7D9F667B1E1354C500311A0E /* ElementInserter.h */ = {isa = PBXFileReference; fileEncoding = 4; lastKnownFileType = sourcecode.c.h; path = ElementInserter.h; sourceTree = "<group>"; };
		7D9F667C1E1354C500311A0E /* Exception.h */ = {isa = PBXFileReference; fileEncoding = 4; lastKnownFileType = sourcecode.c.h; path = Exception.h; sourceTree = "<group>"; };
		7D9F667D1E1354C500311A0E /* ExpandVisitor.cc */ = {isa = PBXFileReference; fileEncoding = 4; lastKnownFileType = sourcecode.cpp.cpp; path = ExpandVisitor.cc; sourceTree = "<group>"; };
		7D9F667E1E1354C500311A0E /* ExpandVisitor.h */ = {isa = PBXFileReference; fileEncoding = 4; lastKnownFileType = sourcecode.c.h; path = ExpandVisitor.h; sourceTree = "<group>"; };
		7D9F667F1E1354C500311A0E /* FilterVisitor.h */ = {isa = PBXFileReference; fileEncoding = 4; lastKnownFileType = sourcecode.c.h; path = FilterVisitor.h; sourceTree = "<group>"; };
		7D9F66801E1354C500311A0E /* IsExpandableVisitor.cc */ = {isa = PBXFileReference; fileEncoding = 4; lastKnownFileType = sourcecode.cpp.cpp; path = IsExpandableVisitor.cc; sourceTree = "<group>"; };
		7D9F66811E1354C500311A0E /* IsExpandableVisitor.h */ = {isa = PBXFileReference; fileEncoding = 4; lastKnownFileType = sourcecode.c.h; path = IsExpandableVisitor.h; sourceTree = "<group>"; };
		7D9F66821E1354C500311A0E /* Iterate.h */ = {isa = PBXFileReference; fileEncoding = 4; lastKnownFileType = sourcecode.c.h; path = Iterate.h; sourceTree = "<group>"; };
		7D9F66831E1354C500311A0E /* JSONSchemaVisitor.cc */ = {isa = PBXFileReference; fileEncoding = 4; lastKnownFileType = sourcecode.cpp.cpp; path = JSONSchemaVisitor.cc; sourceTree = "<group>"; };
		7D9F66841E1354C500311A0E /* JSONSchemaVisitor.h */ = {isa = PBXFileReference; fileEncoding = 4; lastKnownFileType = sourcecode.c.h; path = JSONSchemaVisitor.h; sourceTree = "<group>"; };
		7D9F66851E1354C500311A0E /* PrintVisitor.cc */ = {isa = PBXFileReference; fileEncoding = 4; lastKnownFileType = sourcecode.cpp.cpp; path = PrintVisitor.cc; sourceTree = "<group>"; };
		7D9F66861E1354C500311A0E /* PrintVisitor.h */ = {isa = PBXFileReference; fileEncoding = 4; lastKnownFileType = sourcecode.c.h; path = PrintVisitor.h; sourceTree = "<group>"; };
		7D9F66871E1354C500311A0E /* Query.cc */ = {isa = PBXFileReference; fileEncoding = 4; lastKnownFileType = sourcecode.cpp.cpp; path = Query.cc; sourceTree = "<group>"; };
		7D9F66881E1354C500311A0E /* Query.h */ = {isa = PBXFileReference; fileEncoding = 4; lastKnownFileType = sourcecode.c.h; path = Query.h; sourceTree = "<group>"; };
		7D9F66891E1354C500311A0E /* Registry.cc */ = {isa = PBXFileReference; fileEncoding = 4; lastKnownFileType = sourcecode.cpp.cpp; path = Registry.cc; sourceTree = "<group>"; };
		7D9F668A1E1354C500311A0E /* Registry.h */ = {isa = PBXFileReference; fileEncoding = 4; lastKnownFileType = sourcecode.c.h; path = Registry.h; sourceTree = "<group>"; };
		7D9F668B1E1354C500311A0E /* RenderJSONVisitor.cc */ = {isa = PBXFileReference; fileEncoding = 4; lastKnownFileType = sourcecode.cpp.cpp; path = RenderJSONVisitor.cc; sourceTree = "<group>"; };
		7D9F668C1E1354C500311A0E /* RenderJSONVisitor.h */ = {isa = PBXFileReference; fileEncoding = 4; lastKnownFileType = sourcecode.c.h; path = RenderJSONVisitor.h; sourceTree = "<group>"; };
		7D9F668D1E1354C500311A0E /* SerializeCompactVisitor.cc */ = {isa = PBXFileReference; fileEncoding = 4; lastKnownFileType = sourcecode.cpp.cpp; path = SerializeCompactVisitor.cc; sourceTree = "<group>"; };
		7D9F668E1E1354C500311A0E /* SerializeCompactVisitor.h */ = {isa = PBXFileReference; fileEncoding = 4; lastKnownFileType = sourcecode.c.h; path = SerializeCompactVisitor.h; sourceTree = "<group>"; };
		7D9F668F1E1354C500311A0E /* SerializeVisitor.cc */ = {isa = PBXFileReference; fileEncoding = 4; lastKnownFileType = sourcecode.cpp.cpp; path = SerializeVisitor.cc; sourceTree = "<group>"; };
		7D9F66901E1354C500311A0E /* SerializeVisitor.h */ = {isa = PBXFileReference; fileEncoding = 4; lastKnownFileType = sourcecode.c.h; path = SerializeVisitor.h; sourceTree = "<group>"; };
		7D9F66911E1354C500311A0E /* TypeQueryVisitor.cc */ = {isa = PBXFileReference; fileEncoding = 4; lastKnownFileType = sourcecode.cpp.cpp; path = TypeQueryVisitor.cc; sourceTree = "<group>"; };
		7D9F66921E1354C500311A0E /* TypeQueryVisitor.h */ = {isa = PBXFileReference; fileEncoding = 4; lastKnownFileType = sourcecode.c.h; path = TypeQueryVisitor.h; sourceTree = "<group>"; };
		7D9F66931E1354C500311A0E /* Visitor.h */ = {isa = PBXFileReference; fileEncoding = 4; lastKnownFileType = sourcecode.c.h; path = Visitor.h; sourceTree = "<group>"; };
		7D9F66941E1354C500311A0E /* VisitorUtils.cc */ = {isa = PBXFileReference; fileEncoding = 4; lastKnownFileType = sourcecode.cpp.cpp; path = VisitorUtils.cc; sourceTree = "<group>"; };
		7D9F66951E1354C500311A0E /* VisitorUtils.h */ = {isa = PBXFileReference; fileEncoding = 4; lastKnownFileType = sourcecode.c.h; path = VisitorUtils.h; sourceTree = "<group>"; };
		7D9F66961E1354C500311A0E /* RefractAPI.cc */ = {isa = PBXFileReference; fileEncoding = 4; lastKnownFileType = sourcecode.cpp.cpp; path = RefractAPI.cc; sourceTree = "<group>"; };
		7D9F66971E1354C500311A0E /* RefractAPI.h */ = {isa = PBXFileReference; fileEncoding = 4; lastKnownFileType = sourcecode.c.h; path = RefractAPI.h; sourceTree = "<group>"; };
		7D9F66981E1354C500311A0E /* RefractDataStructure.cc */ = {isa = PBXFileReference; fileEncoding = 4; lastKnownFileType = sourcecode.cpp.cpp; path = RefractDataStructure.cc; sourceTree = "<group>"; };
		7D9F66991E1354C500311A0E /* RefractDataStructure.h */ = {isa = PBXFileReference; fileEncoding = 4; lastKnownFileType = sourcecode.c.h; path = RefractDataStructure.h; sourceTree = "<group>"; };
		7D9F669A1E1354C500311A0E /* RefractElementFactory.cc */ = {isa = PBXFileReference; fileEncoding = 4; lastKnownFileType = sourcecode.cpp.cpp; path = RefractElementFactory.cc; sourceTree = "<group>"; };
		7D9F669B1E1354C500311A0E /* RefractElementFactory.h */ = {isa = PBXFileReference; fileEncoding = 4; lastKnownFileType = sourcecode.c.h; path = RefractElementFactory.h; sourceTree = "<group>"; };
		7D9F669C1E1354C500311A0E /* RefractSourceMap.cc */ = {isa = PBXFileReference; fileEncoding = 4; lastKnownFileType = sourcecode.cpp.cpp; path = RefractSourceMap.cc; sourceTree = "<group>"; };
		7D9F669D1E1354C500311A0E /* RefractSourceMap.h */ = {isa = PBXFileReference; fileEncoding = 4; lastKnownFileType = sourcecode.c.h; path = RefractSourceMap.h; sourceTree = "<group>"; };
		7D9F669E1E1354C500311A0E /* Render.cc */ = {isa = PBXFileReference; fileEncoding = 4; lastKnownFileType = sourcecode.cpp.cpp; path = Render.cc; sourceTree = "<group>"; };
		7D9F669F1E1354C500311A0E /* Render.h */ = {isa = PBXFileReference; fileEncoding = 4; lastKnownFileType = sourcecode.c.h; path = Render.h; sourceTree = "<group>"; };
		7D9F66A01E1354C500311A0E /* reporting.cc */ = {isa = PBXFileReference; fileEncoding = 4; lastKnownFileType = sourcecode.cpp.cpp; path = reporting.cc; sourceTree = "<group>"; };
		7D9F66A11E1354C500311A0E /* reporting.h */ = {isa = PBXFileReference; fileEncoding = 4; lastKnownFileType = sourcecode.c.h; path = reporting.h; sourceTree = "<group>"; };
		7D9F66A21E1354C500311A0E /* Serialize.cc */ = {isa = PBXFileReference; fileEncoding = 4; lastKnownFileType = sourcecode.cpp.cpp; path = Serialize.cc; sourceTree = "<group>"; };
		7D9F66A31E1354C500311A0E /* Serialize.h */ = {isa = PBXFileReference; fileEncoding = 4; lastKnownFileType = sourcecode.c.h; path = Serialize.h; sourceTree = "<group>"; };
		7D9F66A41E1354C500311A0E /* SerializeAST.cc */ = {isa = PBXFileReference; fileEncoding = 4; lastKnownFileType = sourcecode.cpp.cpp; path = SerializeAST.cc; sourceTree = "<group>"; };
		7D9F66A51E1354C500311A0E /* SerializeAST.h */ = {isa = PBXFileReference; fileEncoding = 4; lastKnownFileType = sourcecode.c.h; path = SerializeAST.h; sourceTree = "<group>"; };
		7D9F66A61E1354C500311A0E /* SerializeResult.cc */ = {isa = PBXFileReference; fileEncoding = 4; lastKnownFileType = sourcecode.cpp.cpp; path = SerializeResult.cc; sourceTree = "<group>"; };
		7D9F66A71E1354C500311A0E /* SerializeResult.h */ = {isa = PBXFileReference; fileEncoding = 4; lastKnownFileType = sourcecode.c.h; path = SerializeResult.h; sourceTree = "<group>"; };
		7D9F66A81E1354C500311A0E /* SerializeSourcemap.cc */ = {isa = PBXFileReference; fileEncoding = 4; lastKnownFileType = sourcecode.cpp.cpp; path = SerializeSourcemap.cc; sourceTree = "<group>"; };
		7D9F66A91E1354C500311A0E /* SerializeSourcemap.h */ = {isa = PBXFileReference; fileEncoding = 4; lastKnownFileType = sourcecode.c.h; path = SerializeSourcemap.h; sourceTree = "<group>"; };
		7D9F66AA1E1354C500311A0E /* stream.h */ = {isa = PBXFileReference; fileEncoding = 4; lastKnownFileType = sourcecode.c.h; path = stream.h; sourceTree = "<group>"; };
		7D9F66AB1E1354C500311A0E /* Version.h */ = {isa = PBXFileReference; fileEncoding = 4; lastKnownFileType = sourcecode.c.h; path = Version.h; sourceTree = "<group>"; };
		7D9F66CA1E1357B700311A0E /* sos.cc */ = {isa = PBXFileReference; fileEncoding = 4; lastKnownFileType = sourcecode.cpp.cpp; path = sos.cc; sourceTree = "<group>"; };
		7D9F66CB1E1357B700311A0E /* sos.h */ = {isa = PBXFileReference; fileEncoding = 4; lastKnownFileType = sourcecode.c.h; path = sos.h; sourceTree = "<group>"; };
		7D9F66CC1E1357B700311A0E /* sosJSON.h */ = {isa = PBXFileReference; fileEncoding = 4; lastKnownFileType = sourcecode.c.h; path = sosJSON.h; sourceTree = "<group>"; };
		7D9F66CD1E1357B700311A0E /* sosYAML.h */ = {isa = PBXFileReference; fileEncoding = 4; lastKnownFileType = sourcecode.c.h; path = sosYAML.h; sourceTree = "<group>"; };
		7D9F66D01E135B9400311A0E /* cmdline.h */ = {isa = PBXFileReference; fileEncoding = 4; lastKnownFileType = sourcecode.c.h; path = cmdline.h; sourceTree = "<group>"; };
		7DA2C9E61E1B3CA300655065 /* json11.cpp */ = {isa = PBXFileReference; fileEncoding = 4; lastKnownFileType = sourcecode.cpp.cpp; path = json11.cpp; sourceTree = "<group>"; };
		7DA2C9E71E1B3CA300655065 /* json11.hpp */ = {isa = PBXFileReference; fileEncoding = 4; lastKnownFileType = sourcecode.cpp.h; path = json11.hpp; sourceTree = "<group>"; };
/* End PBXFileReference section */

/* Begin PBXFrameworksBuildPhase section */
		7D7F2A631E124F01001322C6 /* Frameworks */ = {
			isa = PBXFrameworksBuildPhase;
			buildActionMask = 2147483647;
			files = (
			);
			runOnlyForDeploymentPostprocessing = 0;
		};
/* End PBXFrameworksBuildPhase section */

/* Begin PBXGroup section */
		7D7F2A5D1E124F01001322C6 = {
			isa = PBXGroup;
			children = (
				7D7F2ABB1E125058001322C6 /* README.md */,
				7D7F2A681E124F01001322C6 /* api-tips */,
				7D7F2A671E124F01001322C6 /* Products */,
			);
			sourceTree = "<group>";
		};
		7D7F2A671E124F01001322C6 /* Products */ = {
			isa = PBXGroup;
			children = (
				7D7F2A661E124F01001322C6 /* api-tips */,
			);
			name = Products;
			sourceTree = "<group>";
		};
		7D7F2A681E124F01001322C6 /* api-tips */ = {
			isa = PBXGroup;
			children = (
				7D7F2A701E124F5F001322C6 /* vendor */,
				7D7F2AD91E126441001322C6 /* src */,
			);
			path = "api-tips";
			sourceTree = "<group>";
		};
		7D7F2A701E124F5F001322C6 /* vendor */ = {
			isa = PBXGroup;
			children = (
				7DA2C9E51E1B3CA300655065 /* json11 */,
				7D9F66CF1E135B9400311A0E /* cmdline */,
				7D9F66C91E1357B700311A0E /* sos */,
				7D9F66661E1354C500311A0E /* drafter */,
				7D7F2AC61E125B11001322C6 /* sundown */,
				7D7F2ABC1E1251A0001322C6 /* markdown-parser */,
				7D7F2A711E124F5F001322C6 /* snowcrash */,
			);
			path = vendor;
			sourceTree = "<group>";
		};
		7D7F2A711E124F5F001322C6 /* snowcrash */ = {
			isa = PBXGroup;
			children = (
				7D7F2A951E124F5F001322C6 /* posix */,
				7D7F2A721E124F5F001322C6 /* ActionParser.h */,
				7D7F2A731E124F5F001322C6 /* AssetParser.h */,
				7D7F2A741E124F5F001322C6 /* AttributesParser.h */,
				7D7F2A751E124F5F001322C6 /* Blueprint.cc */,
				7D7F2A761E124F5F001322C6 /* Blueprint.h */,
				7D7F2A771E124F5F001322C6 /* BlueprintParser.h */,
				7D7F2A781E124F5F001322C6 /* BlueprintSourcemap.cc */,
				7D7F2A791E124F5F001322C6 /* BlueprintSourcemap.h */,
				7D7F2A7A1E124F5F001322C6 /* BlueprintUtility.h */,
				7D7F2A7B1E124F5F001322C6 /* CodeBlockUtility.h */,
				7D7F2A7C1E124F5F001322C6 /* DataStructureGroupParser.h */,
				7D7F2A7D1E124F5F001322C6 /* HeadersParser.cc */,
				7D7F2A7E1E124F5F001322C6 /* HeadersParser.h */,
				7D7F2A7F1E124F5F001322C6 /* HTTP.cc */,
				7D7F2A801E124F5F001322C6 /* HTTP.h */,
				7D7F2A811E124F5F001322C6 /* ModelTable.h */,
				7D7F2A821E124F5F001322C6 /* MSON.cc */,
				7D7F2A831E124F5F001322C6 /* MSON.h */,
				7D7F2A841E124F5F001322C6 /* MSONMixinParser.h */,
				7D7F2A851E124F5F001322C6 /* MSONNamedTypeParser.h */,
				7D7F2A861E124F5F001322C6 /* MSONOneOfParser.cc */,
				7D7F2A871E124F5F001322C6 /* MSONOneOfParser.h */,
				7D7F2A881E124F5F001322C6 /* MSONParameterParser.h */,
				7D7F2A891E124F5F001322C6 /* MSONPropertyMemberParser.h */,
				7D7F2A8A1E124F5F001322C6 /* MSONSourcemap.cc */,
				7D7F2A8B1E124F5F001322C6 /* MSONSourcemap.h */,
				7D7F2A8C1E124F5F001322C6 /* MSONTypeSectionParser.cc */,
				7D7F2A8D1E124F5F001322C6 /* MSONTypeSectionParser.h */,
				7D7F2A8E1E124F5F001322C6 /* MSONUtility.h */,
				7D7F2A8F1E124F5F001322C6 /* MSONValueMemberParser.cc */,
				7D7F2A901E124F5F001322C6 /* MSONValueMemberParser.h */,
				7D7F2A911E124F5F001322C6 /* ParameterParser.h */,
				7D7F2A921E124F5F001322C6 /* ParametersParser.h */,
				7D7F2A931E124F5F001322C6 /* PayloadParser.h */,
				7D7F2A941E124F5F001322C6 /* Platform.h */,
				7D7F2A971E124F5F001322C6 /* RegexMatch.h */,
				7D7F2A981E124F5F001322C6 /* RelationParser.h */,
				7D7F2A991E124F5F001322C6 /* ResourceGroupParser.h */,
				7D7F2A9A1E124F5F001322C6 /* ResourceParser.h */,
				7D7F2A9B1E124F5F001322C6 /* Section.cc */,
				7D7F2A9C1E124F5F001322C6 /* Section.h */,
				7D7F2A9D1E124F5F001322C6 /* SectionParser.h */,
				7D7F2A9E1E124F5F001322C6 /* SectionParserData.h */,
				7D7F2A9F1E124F5F001322C6 /* SectionProcessor.h */,
				7D7F2AA01E124F5F001322C6 /* Signature.cc */,
				7D7F2AA11E124F5F001322C6 /* Signature.h */,
				7D7F2AA21E124F5F001322C6 /* SignatureSectionProcessor.h */,
				7D7F2AA31E124F5F001322C6 /* snowcrash.cc */,
				7D7F2AA41E124F5F001322C6 /* snowcrash.h */,
				7D7F2AA51E124F5F001322C6 /* SourceAnnotation.h */,
				7D7F2AA61E124F5F001322C6 /* StringUtility.h */,
				7D7F2AA71E124F5F001322C6 /* UriTemplateParser.cc */,
				7D7F2AA81E124F5F001322C6 /* UriTemplateParser.h */,
				7D7F2AA91E124F5F001322C6 /* ValuesParser.h */,
			);
			path = snowcrash;
			sourceTree = "<group>";
		};
		7D7F2A951E124F5F001322C6 /* posix */ = {
			isa = PBXGroup;
			children = (
				7D7F2A961E124F5F001322C6 /* RegexMatch.cc */,
			);
			path = posix;
			sourceTree = "<group>";
		};
		7D7F2ABC1E1251A0001322C6 /* markdown-parser */ = {
			isa = PBXGroup;
			children = (
				7D7F2ABD1E1251A0001322C6 /* ByteBuffer.cc */,
				7D7F2ABE1E1251A0001322C6 /* ByteBuffer.h */,
				7D7F2ABF1E1251A0001322C6 /* MarkdownNode.cc */,
				7D7F2AC01E1251A0001322C6 /* MarkdownNode.h */,
				7D7F2AC11E1251A0001322C6 /* MarkdownParser.cc */,
				7D7F2AC21E1251A0001322C6 /* MarkdownParser.h */,
			);
			path = "markdown-parser";
			sourceTree = "<group>";
		};
		7D7F2AC61E125B11001322C6 /* sundown */ = {
			isa = PBXGroup;
			children = (
				7D7F2AC71E125B11001322C6 /* autolink.c */,
				7D7F2AC81E125B11001322C6 /* autolink.h */,
				7D7F2AC91E125B11001322C6 /* buffer.c */,
				7D7F2ACA1E125B11001322C6 /* buffer.h */,
				7D7F2ACB1E125B11001322C6 /* html_blocks.h */,
				7D7F2ACC1E125B11001322C6 /* markdown.c */,
				7D7F2ACD1E125B11001322C6 /* markdown.h */,
				7D7F2ACE1E125B11001322C6 /* src_map.c */,
				7D7F2ACF1E125B11001322C6 /* src_map.h */,
				7D7F2AD01E125B11001322C6 /* stack.c */,
				7D7F2AD11E125B11001322C6 /* stack.h */,
			);
			path = sundown;
			sourceTree = "<group>";
		};
		7D7F2AD91E126441001322C6 /* src */ = {
			isa = PBXGroup;
			children = (
				7D7F2ADE1E1264FB001322C6 /* base */,
				7D7F2ADA1E12645D001322C6 /* fs */,
				7D7F2A691E124F01001322C6 /* main.mm */,
			);
			path = src;
			sourceTree = "<group>";
		};
		7D7F2ADA1E12645D001322C6 /* fs */ = {
			isa = PBXGroup;
			children = (
				7D7F2ADB1E126471001322C6 /* file_system.mm */,
				7D7F2ADC1E126471001322C6 /* file_system.h */,
			);
			path = fs;
			sourceTree = "<group>";
		};
		7D7F2ADE1E1264FB001322C6 /* base */ = {
			isa = PBXGroup;
			children = (
				7D7F2ADF1E12650A001322C6 /* macros.h */,
			);
			path = base;
			sourceTree = "<group>";
		};
		7D9F66661E1354C500311A0E /* drafter */ = {
			isa = PBXGroup;
			children = (
				7D9F66731E1354C500311A0E /* refract */,
				7D9F66671E1354C500311A0E /* config.cc */,
				7D9F66681E1354C500311A0E /* config.h */,
				7D9F66691E1354C500311A0E /* ConversionContext.cc */,
				7D9F666A1E1354C500311A0E /* ConversionContext.h */,
				7D9F666B1E1354C500311A0E /* drafter.cc */,
				7D9F666C1E1354C500311A0E /* drafter.h */,
				7D9F666D1E1354C500311A0E /* drafter_private.cc */,
				7D9F666E1E1354C500311A0E /* drafter_private.h */,
				7D9F66701E1354C500311A0E /* NamedTypesRegistry.cc */,
				7D9F66711E1354C500311A0E /* NamedTypesRegistry.h */,
				7D9F66721E1354C500311A0E /* NodeInfo.h */,
				7D9F66961E1354C500311A0E /* RefractAPI.cc */,
				7D9F66971E1354C500311A0E /* RefractAPI.h */,
				7D9F66981E1354C500311A0E /* RefractDataStructure.cc */,
				7D9F66991E1354C500311A0E /* RefractDataStructure.h */,
				7D9F669A1E1354C500311A0E /* RefractElementFactory.cc */,
				7D9F669B1E1354C500311A0E /* RefractElementFactory.h */,
				7D9F669C1E1354C500311A0E /* RefractSourceMap.cc */,
				7D9F669D1E1354C500311A0E /* RefractSourceMap.h */,
				7D9F669E1E1354C500311A0E /* Render.cc */,
				7D9F669F1E1354C500311A0E /* Render.h */,
				7D9F66A01E1354C500311A0E /* reporting.cc */,
				7D9F66A11E1354C500311A0E /* reporting.h */,
				7D9F66A21E1354C500311A0E /* Serialize.cc */,
				7D9F66A31E1354C500311A0E /* Serialize.h */,
				7D9F66A41E1354C500311A0E /* SerializeAST.cc */,
				7D9F66A51E1354C500311A0E /* SerializeAST.h */,
				7D9F66A61E1354C500311A0E /* SerializeResult.cc */,
				7D9F66A71E1354C500311A0E /* SerializeResult.h */,
				7D9F66A81E1354C500311A0E /* SerializeSourcemap.cc */,
				7D9F66A91E1354C500311A0E /* SerializeSourcemap.h */,
				7D9F66AA1E1354C500311A0E /* stream.h */,
				7D9F66AB1E1354C500311A0E /* Version.h */,
			);
			path = drafter;
			sourceTree = "<group>";
		};
		7D9F66731E1354C500311A0E /* refract */ = {
			isa = PBXGroup;
			children = (
				7D9F66741E1354C500311A0E /* AppendDecorator.h */,
				7D9F66751E1354C500311A0E /* Build.h */,
				7D9F66761E1354C500311A0E /* ComparableVisitor.cc */,
				7D9F66771E1354C500311A0E /* ComparableVisitor.h */,
				7D9F66781E1354C500311A0E /* Element.cc */,
				7D9F66791E1354C500311A0E /* Element.h */,
				7D9F667A1E1354C500311A0E /* ElementFwd.h */,
				7D9F667B1E1354C500311A0E /* ElementInserter.h */,
				7D9F667C1E1354C500311A0E /* Exception.h */,
				7D9F667D1E1354C500311A0E /* ExpandVisitor.cc */,
				7D9F667E1E1354C500311A0E /* ExpandVisitor.h */,
				7D9F667F1E1354C500311A0E /* FilterVisitor.h */,
				7D9F66801E1354C500311A0E /* IsExpandableVisitor.cc */,
				7D9F66811E1354C500311A0E /* IsExpandableVisitor.h */,
				7D9F66821E1354C500311A0E /* Iterate.h */,
				7D9F66831E1354C500311A0E /* JSONSchemaVisitor.cc */,
				7D9F66841E1354C500311A0E /* JSONSchemaVisitor.h */,
				7D9F66851E1354C500311A0E /* PrintVisitor.cc */,
				7D9F66861E1354C500311A0E /* PrintVisitor.h */,
				7D9F66871E1354C500311A0E /* Query.cc */,
				7D9F66881E1354C500311A0E /* Query.h */,
				7D9F66891E1354C500311A0E /* Registry.cc */,
				7D9F668A1E1354C500311A0E /* Registry.h */,
				7D9F668B1E1354C500311A0E /* RenderJSONVisitor.cc */,
				7D9F668C1E1354C500311A0E /* RenderJSONVisitor.h */,
				7D9F668D1E1354C500311A0E /* SerializeCompactVisitor.cc */,
				7D9F668E1E1354C500311A0E /* SerializeCompactVisitor.h */,
				7D9F668F1E1354C500311A0E /* SerializeVisitor.cc */,
				7D9F66901E1354C500311A0E /* SerializeVisitor.h */,
				7D9F66911E1354C500311A0E /* TypeQueryVisitor.cc */,
				7D9F66921E1354C500311A0E /* TypeQueryVisitor.h */,
				7D9F66931E1354C500311A0E /* Visitor.h */,
				7D9F66941E1354C500311A0E /* VisitorUtils.cc */,
				7D9F66951E1354C500311A0E /* VisitorUtils.h */,
			);
			path = refract;
			sourceTree = "<group>";
		};
		7D9F66C91E1357B700311A0E /* sos */ = {
			isa = PBXGroup;
			children = (
				7D9F66CA1E1357B700311A0E /* sos.cc */,
				7D9F66CB1E1357B700311A0E /* sos.h */,
				7D9F66CC1E1357B700311A0E /* sosJSON.h */,
				7D9F66CD1E1357B700311A0E /* sosYAML.h */,
			);
			path = sos;
			sourceTree = "<group>";
		};
		7D9F66CF1E135B9400311A0E /* cmdline */ = {
			isa = PBXGroup;
			children = (
				7D9F66D01E135B9400311A0E /* cmdline.h */,
			);
			path = cmdline;
			sourceTree = "<group>";
		};
		7DA2C9E51E1B3CA300655065 /* json11 */ = {
			isa = PBXGroup;
			children = (
				7DA2C9E61E1B3CA300655065 /* json11.cpp */,
				7DA2C9E71E1B3CA300655065 /* json11.hpp */,
			);
			path = json11;
			sourceTree = "<group>";
		};
/* End PBXGroup section */

/* Begin PBXNativeTarget section */
		7D7F2A651E124F01001322C6 /* api-tips */ = {
			isa = PBXNativeTarget;
			buildConfigurationList = 7D7F2A6D1E124F01001322C6 /* Build configuration list for PBXNativeTarget "api-tips" */;
			buildPhases = (
				7D7F2A621E124F01001322C6 /* Sources */,
				7D7F2A631E124F01001322C6 /* Frameworks */,
				7D7F2A641E124F01001322C6 /* CopyFiles */,
			);
			buildRules = (
			);
			dependencies = (
			);
			name = "api-tips";
			productName = "api-tips";
			productReference = 7D7F2A661E124F01001322C6 /* api-tips */;
			productType = "com.apple.product-type.tool";
		};
/* End PBXNativeTarget section */

/* Begin PBXProject section */
		7D7F2A5E1E124F01001322C6 /* Project object */ = {
			isa = PBXProject;
			attributes = {
				LastUpgradeCheck = 0820;
				ORGANIZATIONNAME = "Frank Lin";
				TargetAttributes = {
					7D7F2A651E124F01001322C6 = {
						CreatedOnToolsVersion = 8.2.1;
						DevelopmentTeam = RXCU56Z755;
						ProvisioningStyle = Automatic;
					};
				};
			};
			buildConfigurationList = 7D7F2A611E124F01001322C6 /* Build configuration list for PBXProject "api-tips" */;
			compatibilityVersion = "Xcode 3.2";
			developmentRegion = English;
			hasScannedForEncodings = 0;
			knownRegions = (
				en,
			);
			mainGroup = 7D7F2A5D1E124F01001322C6;
			productRefGroup = 7D7F2A671E124F01001322C6 /* Products */;
			projectDirPath = "";
			projectRoot = "";
			targets = (
				7D7F2A651E124F01001322C6 /* api-tips */,
			);
		};
/* End PBXProject section */

/* Begin PBXSourcesBuildPhase section */
		7D7F2A621E124F01001322C6 /* Sources */ = {
			isa = PBXSourcesBuildPhase;
			buildActionMask = 2147483647;
			files = (
				7D9F66C81E1354C500311A0E /* SerializeSourcemap.cc in Sources */,
				7D9F66B71E1354C500311A0E /* PrintVisitor.cc in Sources */,
				7D7F2ADD1E126471001322C6 /* file_system.mm in Sources */,
				7D7F2AD41E125B11001322C6 /* markdown.c in Sources */,
				7D9F66BC1E1354C500311A0E /* SerializeVisitor.cc in Sources */,
				7D9F66B11E1354C500311A0E /* NamedTypesRegistry.cc in Sources */,
				7D9F66C41E1354C500311A0E /* reporting.cc in Sources */,
				7D7F2AB21E124F5F001322C6 /* MSONSourcemap.cc in Sources */,
				7D9F66BB1E1354C500311A0E /* SerializeCompactVisitor.cc in Sources */,
				7D9F66B41E1354C500311A0E /* ExpandVisitor.cc in Sources */,
				7D7F2AB11E124F5F001322C6 /* MSONOneOfParser.cc in Sources */,
				7D9F66AF1E1354C500311A0E /* drafter_private.cc in Sources */,
				7D7F2AB81E124F5F001322C6 /* snowcrash.cc in Sources */,
				7D7F2AB01E124F5F001322C6 /* MSON.cc in Sources */,
				7D9F66B31E1354C500311A0E /* Element.cc in Sources */,
				7D9F66C51E1354C500311A0E /* Serialize.cc in Sources */,
				7D7F2AC41E1251A0001322C6 /* MarkdownNode.cc in Sources */,
				7D7F2AD61E125B11001322C6 /* stack.c in Sources */,
				7D9F66C21E1354C500311A0E /* RefractSourceMap.cc in Sources */,
				7D7F2AB61E124F5F001322C6 /* Section.cc in Sources */,
				7D7F2AD21E125B11001322C6 /* autolink.c in Sources */,
				7DA2C9E81E1B3CA300655065 /* json11.cpp in Sources */,
				7D9F66C11E1354C500311A0E /* RefractElementFactory.cc in Sources */,
				7D7F2AD31E125B11001322C6 /* buffer.c in Sources */,
				7D7F2AAD1E124F5F001322C6 /* BlueprintSourcemap.cc in Sources */,
				7D9F66C01E1354C500311A0E /* RefractDataStructure.cc in Sources */,
				7D9F66CE1E1357B700311A0E /* sos.cc in Sources */,
				7D9F66BA1E1354C500311A0E /* RenderJSONVisitor.cc in Sources */,
				7D9F66B61E1354C500311A0E /* JSONSchemaVisitor.cc in Sources */,
				7D9F66B21E1354C500311A0E /* ComparableVisitor.cc in Sources */,
				7D7F2AB71E124F5F001322C6 /* Signature.cc in Sources */,
				7D9F66AD1E1354C500311A0E /* ConversionContext.cc in Sources */,
				7D7F2AAE1E124F5F001322C6 /* HeadersParser.cc in Sources */,
				7D9F66BE1E1354C500311A0E /* VisitorUtils.cc in Sources */,
				7D9F66C31E1354C500311A0E /* Render.cc in Sources */,
				7D7F2AB41E124F5F001322C6 /* MSONValueMemberParser.cc in Sources */,
				7D7F2AC31E1251A0001322C6 /* ByteBuffer.cc in Sources */,
				7D7F2AD51E125B11001322C6 /* src_map.c in Sources */,
				7D9F66BF1E1354C500311A0E /* RefractAPI.cc in Sources */,
				7D7F2A6A1E124F01001322C6 /* main.mm in Sources */,
				7D9F66AC1E1354C500311A0E /* config.cc in Sources */,
				7D9F66C61E1354C500311A0E /* SerializeAST.cc in Sources */,
				7D9F66BD1E1354C500311A0E /* TypeQueryVisitor.cc in Sources */,
				7D9F66C71E1354C500311A0E /* SerializeResult.cc in Sources */,
				7D9F66B91E1354C500311A0E /* Registry.cc in Sources */,
				7D9F66B81E1354C500311A0E /* Query.cc in Sources */,
				7D7F2AC51E1251A0001322C6 /* MarkdownParser.cc in Sources */,
				7D7F2AB31E124F5F001322C6 /* MSONTypeSectionParser.cc in Sources */,
				7D7F2AAC1E124F5F001322C6 /* Blueprint.cc in Sources */,
				7D7F2AB91E124F5F001322C6 /* UriTemplateParser.cc in Sources */,
				7D9F66B51E1354C500311A0E /* IsExpandableVisitor.cc in Sources */,
				7D7F2AAF1E124F5F001322C6 /* HTTP.cc in Sources */,
				7D7F2AB51E124F5F001322C6 /* RegexMatch.cc in Sources */,
				7D9F66AE1E1354C500311A0E /* drafter.cc in Sources */,
			);
			runOnlyForDeploymentPostprocessing = 0;
		};
/* End PBXSourcesBuildPhase section */

/* Begin XCBuildConfiguration section */
		7D7F2A6B1E124F01001322C6 /* Debug */ = {
			isa = XCBuildConfiguration;
			buildSettings = {
				ALWAYS_SEARCH_USER_PATHS = NO;
				CLANG_ANALYZER_NONNULL = YES;
				CLANG_CXX_LANGUAGE_STANDARD = "gnu++0x";
				CLANG_CXX_LIBRARY = "libc++";
				CLANG_ENABLE_MODULES = YES;
				CLANG_ENABLE_OBJC_ARC = YES;
				CLANG_WARN_BOOL_CONVERSION = YES;
				CLANG_WARN_CONSTANT_CONVERSION = YES;
				CLANG_WARN_DIRECT_OBJC_ISA_USAGE = YES_ERROR;
				CLANG_WARN_DOCUMENTATION_COMMENTS = YES;
				CLANG_WARN_EMPTY_BODY = YES;
				CLANG_WARN_ENUM_CONVERSION = YES;
				CLANG_WARN_INFINITE_RECURSION = YES;
				CLANG_WARN_INT_CONVERSION = YES;
				CLANG_WARN_OBJC_ROOT_CLASS = YES_ERROR;
				CLANG_WARN_SUSPICIOUS_MOVE = YES;
				CLANG_WARN_UNREACHABLE_CODE = YES;
				CLANG_WARN__DUPLICATE_METHOD_MATCH = YES;
				CODE_SIGN_IDENTITY = "-";
				COPY_PHASE_STRIP = NO;
				DEBUG_INFORMATION_FORMAT = dwarf;
				ENABLE_STRICT_OBJC_MSGSEND = YES;
				ENABLE_TESTABILITY = YES;
				GCC_C_LANGUAGE_STANDARD = gnu99;
				GCC_DYNAMIC_NO_PIC = NO;
				GCC_NO_COMMON_BLOCKS = YES;
				GCC_OPTIMIZATION_LEVEL = 0;
				GCC_PREPROCESSOR_DEFINITIONS = (
					"DEBUG=1",
					"$(inherited)",
				);
				GCC_WARN_64_TO_32_BIT_CONVERSION = YES;
				GCC_WARN_ABOUT_RETURN_TYPE = YES_ERROR;
				GCC_WARN_UNDECLARED_SELECTOR = YES;
				GCC_WARN_UNINITIALIZED_AUTOS = YES_AGGRESSIVE;
				GCC_WARN_UNUSED_FUNCTION = YES;
				GCC_WARN_UNUSED_VARIABLE = YES;
				MACOSX_DEPLOYMENT_TARGET = 10.12;
				MTL_ENABLE_DEBUG_INFO = YES;
				ONLY_ACTIVE_ARCH = YES;
				SDKROOT = macosx;
			};
			name = Debug;
		};
		7D7F2A6C1E124F01001322C6 /* Release */ = {
			isa = XCBuildConfiguration;
			buildSettings = {
				ALWAYS_SEARCH_USER_PATHS = NO;
				CLANG_ANALYZER_NONNULL = YES;
				CLANG_CXX_LANGUAGE_STANDARD = "gnu++0x";
				CLANG_CXX_LIBRARY = "libc++";
				CLANG_ENABLE_MODULES = YES;
				CLANG_ENABLE_OBJC_ARC = YES;
				CLANG_WARN_BOOL_CONVERSION = YES;
				CLANG_WARN_CONSTANT_CONVERSION = YES;
				CLANG_WARN_DIRECT_OBJC_ISA_USAGE = YES_ERROR;
				CLANG_WARN_DOCUMENTATION_COMMENTS = YES;
				CLANG_WARN_EMPTY_BODY = YES;
				CLANG_WARN_ENUM_CONVERSION = YES;
				CLANG_WARN_INFINITE_RECURSION = YES;
				CLANG_WARN_INT_CONVERSION = YES;
				CLANG_WARN_OBJC_ROOT_CLASS = YES_ERROR;
				CLANG_WARN_SUSPICIOUS_MOVE = YES;
				CLANG_WARN_UNREACHABLE_CODE = YES;
				CLANG_WARN__DUPLICATE_METHOD_MATCH = YES;
				CODE_SIGN_IDENTITY = "-";
				COPY_PHASE_STRIP = NO;
				DEBUG_INFORMATION_FORMAT = "dwarf-with-dsym";
				ENABLE_NS_ASSERTIONS = NO;
				ENABLE_STRICT_OBJC_MSGSEND = YES;
				GCC_C_LANGUAGE_STANDARD = gnu99;
				GCC_NO_COMMON_BLOCKS = YES;
				GCC_WARN_64_TO_32_BIT_CONVERSION = YES;
				GCC_WARN_ABOUT_RETURN_TYPE = YES_ERROR;
				GCC_WARN_UNDECLARED_SELECTOR = YES;
				GCC_WARN_UNINITIALIZED_AUTOS = YES_AGGRESSIVE;
				GCC_WARN_UNUSED_FUNCTION = YES;
				GCC_WARN_UNUSED_VARIABLE = YES;
				MACOSX_DEPLOYMENT_TARGET = 10.12;
				MTL_ENABLE_DEBUG_INFO = NO;
				SDKROOT = macosx;
			};
			name = Release;
		};
		7D7F2A6E1E124F01001322C6 /* Debug */ = {
			isa = XCBuildConfiguration;
			buildSettings = {
				CLANG_WARN_DOCUMENTATION_COMMENTS = NO;
				DEVELOPMENT_TEAM = RXCU56Z755;
				PRODUCT_NAME = "$(TARGET_NAME)";
			};
			name = Debug;
		};
		7D7F2A6F1E124F01001322C6 /* Release */ = {
			isa = XCBuildConfiguration;
			buildSettings = {
				CLANG_WARN_DOCUMENTATION_COMMENTS = NO;
				DEVELOPMENT_TEAM = RXCU56Z755;
				PRODUCT_NAME = "$(TARGET_NAME)";
			};
			name = Release;
		};
/* End XCBuildConfiguration section */

/* Begin XCConfigurationList section */
		7D7F2A611E124F01001322C6 /* Build configuration list for PBXProject "api-tips" */ = {
			isa = XCConfigurationList;
			buildConfigurations = (
				7D7F2A6B1E124F01001322C6 /* Debug */,
				7D7F2A6C1E124F01001322C6 /* Release */,
			);
			defaultConfigurationIsVisible = 0;
			defaultConfigurationName = Release;
		};
		7D7F2A6D1E124F01001322C6 /* Build configuration list for PBXNativeTarget "api-tips" */ = {
			isa = XCConfigurationList;
			buildConfigurations = (
				7D7F2A6E1E124F01001322C6 /* Debug */,
				7D7F2A6F1E124F01001322C6 /* Release */,
			);
			defaultConfigurationIsVisible = 0;
			defaultConfigurationName = Release;
		};
/* End XCConfigurationList section */
	};
	rootObject = 7D7F2A5E1E124F01001322C6 /* Project object */;
}
